
Microsoft Visual Studio Solution File, Format Version 12.00
# Visual Studio Version 17
VisualStudioVersion = 17.5.33627.172
MinimumVisualStudioVersion = 10.0.40219.1
Project("{FAE04EC0-301F-11D3-BF4B-00C04F79EFBC}") = "HexaEngine.DirectXTex", "HexaEngine.DirectXTex\HexaEngine.DirectXTex.csproj", "{234165A8-D64C-4196-8569-D26FC0DF293C}"
EndProject
Project("{FAE04EC0-301F-11D3-BF4B-00C04F79EFBC}") = "Generator", "Generator\Generator.csproj", "{5BBE08AD-426E-4F04-A057-A544ADC807F8}"
EndProject
Project("{FAE04EC0-301F-11D3-BF4B-00C04F79EFBC}") = "HexaEngine.DirectXTex.Tests", "HexaEngine.DirectXTex.Tests\HexaEngine.DirectXTex.Tests.csproj", "{00C4288B-82F5-4FBB-9D05-31E4CC6CAA7B}"
EndProject
Global
	GlobalSection(SolutionConfigurationPlatforms) = preSolution
		Debug|Any CPU = Debug|Any CPU
		Debug|x64 = Debug|x64
		MinSizeRel|Any CPU = MinSizeRel|Any CPU
		MinSizeRel|x64 = MinSizeRel|x64
		Release|Any CPU = Release|Any CPU
		Release|x64 = Release|x64
		RelWithDebInfo|Any CPU = RelWithDebInfo|Any CPU
		RelWithDebInfo|x64 = RelWithDebInfo|x64
	EndGlobalSection
	GlobalSection(ProjectConfigurationPlatforms) = postSolution
		{234165A8-D64C-4196-8569-D26FC0DF293C}.Debug|Any CPU.ActiveCfg = Debug|Any CPU
		{234165A8-D64C-4196-8569-D26FC0DF293C}.Debug|Any CPU.Build.0 = Debug|Any CPU
		{234165A8-D64C-4196-8569-D26FC0DF293C}.Debug|x64.ActiveCfg = Debug|Any CPU
		{234165A8-D64C-4196-8569-D26FC0DF293C}.Debug|x64.Build.0 = Debug|Any CPU
		{234165A8-D64C-4196-8569-D26FC0DF293C}.MinSizeRel|Any CPU.ActiveCfg = Debug|Any CPU
		{234165A8-D64C-4196-8569-D26FC0DF293C}.MinSizeRel|Any CPU.Build.0 = Debug|Any CPU
		{234165A8-D64C-4196-8569-D26FC0DF293C}.MinSizeRel|x64.ActiveCfg = Debug|Any CPU
		{234165A8-D64C-4196-8569-D26FC0DF293C}.MinSizeRel|x64.Build.0 = Debug|Any CPU
		{234165A8-D64C-4196-8569-D26FC0DF293C}.Release|Any CPU.ActiveCfg = Release|Any CPU
		{234165A8-D64C-4196-8569-D26FC0DF293C}.Release|Any CPU.Build.0 = Release|Any CPU
		{234165A8-D64C-4196-8569-D26FC0DF293C}.Release|x64.ActiveCfg = Release|Any CPU
		{234165A8-D64C-4196-8569-D26FC0DF293C}.Release|x64.Build.0 = Release|Any CPU
		{234165A8-D64C-4196-8569-D26FC0DF293C}.RelWithDebInfo|Any CPU.ActiveCfg = Release|Any CPU
		{234165A8-D64C-4196-8569-D26FC0DF293C}.RelWithDebInfo|Any CPU.Build.0 = Release|Any CPU
		{234165A8-D64C-4196-8569-D26FC0DF293C}.RelWithDebInfo|x64.ActiveCfg = Release|Any CPU
		{234165A8-D64C-4196-8569-D26FC0DF293C}.RelWithDebInfo|x64.Build.0 = Release|Any CPU
		{5BBE08AD-426E-4F04-A057-A544ADC807F8}.Debug|Any CPU.ActiveCfg = Debug|Any CPU
		{5BBE08AD-426E-4F04-A057-A544ADC807F8}.Debug|Any CPU.Build.0 = Debug|Any CPU
		{5BBE08AD-426E-4F04-A057-A544ADC807F8}.Debug|x64.ActiveCfg = Debug|Any CPU
		{5BBE08AD-426E-4F04-A057-A544ADC807F8}.Debug|x64.Build.0 = Debug|Any CPU
		{5BBE08AD-426E-4F04-A057-A544ADC807F8}.MinSizeRel|Any CPU.ActiveCfg = Debug|Any CPU
		{5BBE08AD-426E-4F04-A057-A544ADC807F8}.MinSizeRel|Any CPU.Build.0 = Debug|Any CPU
		{5BBE08AD-426E-4F04-A057-A544ADC807F8}.MinSizeRel|x64.ActiveCfg = Debug|Any CPU
		{5BBE08AD-426E-4F04-A057-A544ADC807F8}.MinSizeRel|x64.Build.0 = Debug|Any CPU
		{5BBE08AD-426E-4F04-A057-A544ADC807F8}.Release|Any CPU.ActiveCfg = Release|Any CPU
		{5BBE08AD-426E-4F04-A057-A544ADC807F8}.Release|Any CPU.Build.0 = Release|Any CPU
		{5BBE08AD-426E-4F04-A057-A544ADC807F8}.Release|x64.ActiveCfg = Release|Any CPU
		{5BBE08AD-426E-4F04-A057-A544ADC807F8}.Release|x64.Build.0 = Release|Any CPU
		{5BBE08AD-426E-4F04-A057-A544ADC807F8}.RelWithDebInfo|Any CPU.ActiveCfg = Release|Any CPU
		{5BBE08AD-426E-4F04-A057-A544ADC807F8}.RelWithDebInfo|Any CPU.Build.0 = Release|Any CPU
		{5BBE08AD-426E-4F04-A057-A544ADC807F8}.RelWithDebInfo|x64.ActiveCfg = Release|Any CPU
		{5BBE08AD-426E-4F04-A057-A544ADC807F8}.RelWithDebInfo|x64.Build.0 = Release|Any CPU
		{00C4288B-82F5-4FBB-9D05-31E4CC6CAA7B}.Debug|Any CPU.ActiveCfg = Debug|Any CPU
		{00C4288B-82F5-4FBB-9D05-31E4CC6CAA7B}.Debug|Any CPU.Build.0 = Debug|Any CPU
		{00C4288B-82F5-4FBB-9D05-31E4CC6CAA7B}.Debug|x64.ActiveCfg = Debug|Any CPU
		{00C4288B-82F5-4FBB-9D05-31E4CC6CAA7B}.Debug|x64.Build.0 = Debug|Any CPU
		{00C4288B-82F5-4FBB-9D05-31E4CC6CAA7B}.MinSizeRel|Any CPU.ActiveCfg = Debug|Any CPU
		{00C4288B-82F5-4FBB-9D05-31E4CC6CAA7B}.MinSizeRel|Any CPU.Build.0 = Debug|Any CPU
		{00C4288B-82F5-4FBB-9D05-31E4CC6CAA7B}.MinSizeRel|x64.ActiveCfg = Debug|Any CPU
		{00C4288B-82F5-4FBB-9D05-31E4CC6CAA7B}.MinSizeRel|x64.Build.0 = Debug|Any CPU
		{00C4288B-82F5-4FBB-9D05-31E4CC6CAA7B}.Release|Any CPU.ActiveCfg = Release|Any CPU
		{00C4288B-82F5-4FBB-9D05-31E4CC6CAA7B}.Release|Any CPU.Build.0 = Release|Any CPU
		{00C4288B-82F5-4FBB-9D05-31E4CC6CAA7B}.Release|x64.ActiveCfg = Release|Any CPU
		{00C4288B-82F5-4FBB-9D05-31E4CC6CAA7B}.Release|x64.Build.0 = Release|Any CPU
		{00C4288B-82F5-4FBB-9D05-31E4CC6CAA7B}.RelWithDebInfo|Any CPU.ActiveCfg = Release|Any CPU
		{00C4288B-82F5-4FBB-9D05-31E4CC6CAA7B}.RelWithDebInfo|Any CPU.Build.0 = Release|Any CPU
		{00C4288B-82F5-4FBB-9D05-31E4CC6CAA7B}.RelWithDebInfo|x64.ActiveCfg = Release|Any CPU
		{00C4288B-82F5-4FBB-9D05-31E4CC6CAA7B}.RelWithDebInfo|x64.Build.0 = Release|Any CPU
	EndGlobalSection
	GlobalSection(SolutionProperties) = preSolution
		HideSolutionNode = FALSE
	EndGlobalSection
	GlobalSection(ExtensibilityGlobals) = postSolution
		SolutionGuid = {F59684F2-5C0A-46F9-8695-434D27C73B24}
	EndGlobalSection
EndGlobal
